{
  "name": "lab-2-anal-br",
  "version": "1.0.0",
  "lockfileVersion": 1,
  "requires": true,
  "dependencies": {
    "matrixmath": {
      "version": "2.2.2",
      "resolved": "https://registry.npmjs.org/matrixmath/-/matrixmath-2.2.2.tgz",
      "integrity": "sha1-5DUDV2UdmoNzVwc76gJTGHQA/Yc="
    }
  }
}
